{
  "name": "now_graphql",
  "version": "1.0.0",
  "lockfileVersion": 1,
  "requires": true,
  "dependencies": {
    "@types/bytes": {
      "version": "3.0.0",
      "resolved": "https://registry.npmjs.org/@types/bytes/-/bytes-3.0.0.tgz",
      "integrity": "sha512-ZF43+CIIlzngQe8/Zo7L1kpY9W8O6rO006VDz3c5iM21ddtXWxCEyOXyft+q4pVF2tGqvrVuVrEDH1+gJEi1fQ=="
    },
    "now": {
      "version": "14.2.4",
      "resolved": "https://registry.npmjs.org/now/-/now-14.2.4.tgz",
      "integrity": "sha512-HfMwF7iwGvv/pBzu9snIwe9r70G7FaA3BBvgChMey5s0HeSfvOJYCP16WC11/ANyV4OOkGHWPSGlMwYCaPRFww==",
      "requires": {
        "@types/bytes": "3.0.0"
      }
    }
  }
}
